
Microsoft Visual Studio Solution File, Format Version 12.00
# Visual Studio 15
Project("{FAE04EC0-301F-11D3-BF4B-00C04F79EFBC}") = "Assembly-CSharp-firstpass", "Assembly-CSharp-firstpass.csproj", "{4C45C74F-EB29-EB9D-9457-4680F2ED23EB}"
EndProject
Project("{FAE04EC0-301F-11D3-BF4B-00C04F79EFBC}") = "Assembly-CSharp", "Assembly-CSharp.csproj", "{8FF2950B-8508-17C9-ADAA-36C4E5600A9D}"
EndProject
Project("{FAE04EC0-301F-11D3-BF4B-00C04F79EFBC}") = "Assembly-CSharp-Editor", "Assembly-CSharp-Editor.csproj", "{EAFE218A-137B-FF57-793A-F4C66B400058}"
EndProject
Global
	GlobalSection(SolutionConfigurationPlatforms) = preSolution
		Debug|Any CPU = Debug|Any CPU
		Release|Any CPU = Release|Any CPU
	EndGlobalSection
	GlobalSection(ProjectConfigurationPlatforms) = postSolution
		{4C45C74F-EB29-EB9D-9457-4680F2ED23EB}.Debug|Any CPU.ActiveCfg = Debug|Any CPU
		{4C45C74F-EB29-EB9D-9457-4680F2ED23EB}.Debug|Any CPU.Build.0 = Debug|Any CPU
		{4C45C74F-EB29-EB9D-9457-4680F2ED23EB}.Release|Any CPU.ActiveCfg = Release|Any CPU
		{4C45C74F-EB29-EB9D-9457-4680F2ED23EB}.Release|Any CPU.Build.0 = Release|Any CPU
		{8FF2950B-8508-17C9-ADAA-36C4E5600A9D}.Debug|Any CPU.ActiveCfg = Debug|Any CPU
		{8FF2950B-8508-17C9-ADAA-36C4E5600A9D}.Debug|Any CPU.Build.0 = Debug|Any CPU
		{8FF2950B-8508-17C9-ADAA-36C4E5600A9D}.Release|Any CPU.ActiveCfg = Release|Any CPU
		{8FF2950B-8508-17C9-ADAA-36C4E5600A9D}.Release|Any CPU.Build.0 = Release|Any CPU
		{EAFE218A-137B-FF57-793A-F4C66B400058}.Debug|Any CPU.ActiveCfg = Debug|Any CPU
		{EAFE218A-137B-FF57-793A-F4C66B400058}.Debug|Any CPU.Build.0 = Debug|Any CPU
		{EAFE218A-137B-FF57-793A-F4C66B400058}.Release|Any CPU.ActiveCfg = Release|Any CPU
		{EAFE218A-137B-FF57-793A-F4C66B400058}.Release|Any CPU.Build.0 = Release|Any CPU
	EndGlobalSection
	GlobalSection(SolutionProperties) = preSolution
		HideSolutionNode = FALSE
	EndGlobalSection
EndGlobal
